
Microsoft Visual Studio Solution File, Format Version 12.00
# Visual Studio 2017
Project("{FAE04EC0-301F-11D3-BF4B-00C04F79EFBC}") = "DesignPatternPractices", "DesignPatternPractices.csproj", "{53D82881-8F67-1F43-7E4B-1F07B1ACA8BE}"
EndProject
Global
	GlobalSection(SolutionConfigurationPlatforms) = preSolution
		Debug|Any CPU = Debug|Any CPU
		Release|Any CPU = Release|Any CPU
	EndGlobalSection
	GlobalSection(ProjectConfigurationPlatforms) = postSolution
		{53D82881-8F67-1F43-7E4B-1F07B1ACA8BE}.Debug|Any CPU.ActiveCfg = Debug|Any CPU
		{53D82881-8F67-1F43-7E4B-1F07B1ACA8BE}.Debug|Any CPU.Build.0 = Debug|Any CPU
		{53D82881-8F67-1F43-7E4B-1F07B1ACA8BE}.Release|Any CPU.ActiveCfg = Release|Any CPU
		{53D82881-8F67-1F43-7E4B-1F07B1ACA8BE}.Release|Any CPU.Build.0 = Release|Any CPU
	EndGlobalSection
	GlobalSection(SolutionProperties) = preSolution
		HideSolutionNode = FALSE
	EndGlobalSection
EndGlobal
